{
  "originHash" : "65efaa60bb124fb51799f5e63318c0d22d3311f4f0a13e25f07997bec6f6db68",
  "pins" : [
    {
      "identity" : "alamofire",
      "kind" : "remoteSourceControl",
      "location" : "https://github.com/Alamofire/Alamofire.git",
      "state" : {
        "revision" : "513364f870f6bfc468f9d2ff0a95caccc10044c5",
        "version" : "5.10.2"
      }
    },
    {
      "identity" : "ekamedicalrecordscore",
      "kind" : "remoteSourceControl",
      "location" : "https://github.com/eka-care/EkaMedicalRecordsCore.git",
      "state" : {
        "revision" : "05a51f882af564e20073465f9712236fd79a5230",
        "version" : "1.0.18"
      }
    },
    {
      "identity" : "sdwebimage",
      "kind" : "remoteSourceControl",
      "location" : "https://github.com/SDWebImage/SDWebImage.git",
      "state" : {
        "revision" : "10d06f6a33bafae8c164fbfd1f03391f6d4692b3",
        "version" : "5.20.0"
      }
    },
    {
      "identity" : "sdwebimageswiftui",
      "kind" : "remoteSourceControl",
      "location" : "https://github.com/SDWebImage/SDWebImageSwiftUI.git",
      "state" : {
        "revision" : "53573d6dd017e354c0e7d8f1c86b77ef1383c996",
        "version" : "2.2.7"
      }
    },
    {
      "identity" : "snapkit",
      "kind" : "remoteSourceControl",
      "location" : "https://github.com/SnapKit/SnapKit.git",
      "state" : {
        "revision" : "d458564516e5676af9c70b4f4b2a9178294f1bc6",
        "version" : "5.0.1"
      }
    }
  ],
  "version" : 3
}
